
Microsoft Visual Studio Solution File, Format Version 12.00
# Visual Studio 14
VisualStudioVersion = 14.0.25420.1
MinimumVisualStudioVersion = 10.0.40219.1
Project("{FAE04EC0-301F-11D3-BF4B-00C04F79EFBC}") = "SyntaxHighlighter", "SyntaxHighlighter\SyntaxHighlighter.csproj", "{B687DB90-ECB4-4DE7-AE0B-B2566AFE3FAF}"
EndProject
Project("{FAE04EC0-301F-11D3-BF4B-00C04F79EFBC}") = "SyntaxHighlighter.Tests", "SyntaxHighlighter.Tests\SyntaxHighlighter.Tests.csproj", "{A55C165F-34D2-4F38-9F5A-DD268F90421A}"
EndProject
Project("{FAE04EC0-301F-11D3-BF4B-00C04F79EFBC}") = "SyntaxHighlighter.Preview", "SyntaxHighlighter.Preview\SyntaxHighlighter.Preview.csproj", "{0E0760A3-ADC6-4706-B8B0-8074EAF86D21}"
EndProject
Global
	GlobalSection(SolutionConfigurationPlatforms) = preSolution
		Debug|Any CPU = Debug|Any CPU
		Release|Any CPU = Release|Any CPU
	EndGlobalSection
	GlobalSection(ProjectConfigurationPlatforms) = postSolution
		{B687DB90-ECB4-4DE7-AE0B-B2566AFE3FAF}.Debug|Any CPU.ActiveCfg = Debug|Any CPU
		{B687DB90-ECB4-4DE7-AE0B-B2566AFE3FAF}.Debug|Any CPU.Build.0 = Debug|Any CPU
		{B687DB90-ECB4-4DE7-AE0B-B2566AFE3FAF}.Release|Any CPU.ActiveCfg = Release|Any CPU
		{B687DB90-ECB4-4DE7-AE0B-B2566AFE3FAF}.Release|Any CPU.Build.0 = Release|Any CPU
		{A55C165F-34D2-4F38-9F5A-DD268F90421A}.Debug|Any CPU.ActiveCfg = Debug|Any CPU
		{A55C165F-34D2-4F38-9F5A-DD268F90421A}.Debug|Any CPU.Build.0 = Debug|Any CPU
		{A55C165F-34D2-4F38-9F5A-DD268F90421A}.Release|Any CPU.ActiveCfg = Release|Any CPU
		{A55C165F-34D2-4F38-9F5A-DD268F90421A}.Release|Any CPU.Build.0 = Release|Any CPU
		{0E0760A3-ADC6-4706-B8B0-8074EAF86D21}.Debug|Any CPU.ActiveCfg = Debug|Any CPU
		{0E0760A3-ADC6-4706-B8B0-8074EAF86D21}.Debug|Any CPU.Build.0 = Debug|Any CPU
		{0E0760A3-ADC6-4706-B8B0-8074EAF86D21}.Release|Any CPU.ActiveCfg = Release|Any CPU
		{0E0760A3-ADC6-4706-B8B0-8074EAF86D21}.Release|Any CPU.Build.0 = Release|Any CPU
	EndGlobalSection
	GlobalSection(SolutionProperties) = preSolution
		HideSolutionNode = FALSE
	EndGlobalSection
EndGlobal
